
Microsoft Visual Studio Solution File, Format Version 12.00
# Visual Studio 14
VisualStudioVersion = 14.0.25420.1
MinimumVisualStudioVersion = 10.0.40219.1
Project("{FAE04EC0-301F-11D3-BF4B-00C04F79EFBC}") = "YShop", "YShop\YShop.csproj", "{642C9609-A7D1-4965-A113-46B13BF7B9B3}"
EndProject
Project("{FAE04EC0-301F-11D3-BF4B-00C04F79EFBC}") = "Yax.Common", "Yax.Common\Yax.Common.csproj", "{5162D766-2771-4802-8F4E-9216E82742A1}"
EndProject
Project("{FAE04EC0-301F-11D3-BF4B-00C04F79EFBC}") = "Yax.BLL", "Yax.BLL\Yax.BLL.csproj", "{A26FA0B3-7986-421E-9246-2D6070BA4C01}"
EndProject
Project("{FAE04EC0-301F-11D3-BF4B-00C04F79EFBC}") = "Yax.Dal", "Yax.Dal\Yax.Dal.csproj", "{A323784A-1390-40BD-ABC1-68157A715C30}"
EndProject
Project("{FAE04EC0-301F-11D3-BF4B-00C04F79EFBC}") = "Yax.Model", "Yax.Model\Yax.Model.csproj", "{EFF8E1C1-E927-497D-A9F3-1CD437B9E115}"
EndProject
Project("{FAE04EC0-301F-11D3-BF4B-00C04F79EFBC}") = "YForm", "YForm\YForm.csproj", "{2A12677B-A2BD-4C58-93D0-23D6AB6C4CA7}"
EndProject
Project("{FAE04EC0-301F-11D3-BF4B-00C04F79EFBC}") = "YWeb", "YWeb\YWeb.csproj", "{3C088178-9DF0-4B2D-91CC-E71B85C1E298}"
EndProject
Project("{FAE04EC0-301F-11D3-BF4B-00C04F79EFBC}") = "DDAPI", "DDAPI\DDAPI.csproj", "{95CE9E4E-E55B-445D-95BA-DBC365930A79}"
EndProject
Project("{FAE04EC0-301F-11D3-BF4B-00C04F79EFBC}") = "Yax.SqlHelper", "Yax.SqlHelper\Yax.SqlHelper.csproj", "{638517F8-D7BD-44F6-B7C0-A02F967960D3}"
EndProject
Project("{FAE04EC0-301F-11D3-BF4B-00C04F79EFBC}") = "MVWeb", "MVWeb\MVWeb.csproj", "{E64565F8-6E7D-45B7-A06C-062DCF2181A7}"
EndProject
Project("{FAE04EC0-301F-11D3-BF4B-00C04F79EFBC}") = "ChwYuDing", "ChwYuDing\ChwYuDing.csproj", "{F594B611-962D-4F38-85CD-89CB43BD8744}"
EndProject
Project("{FAE04EC0-301F-11D3-BF4B-00C04F79EFBC}") = "ZTestVer2", "ZTestVer2\ZTestVer2.csproj", "{FEEC26E6-F117-4127-B79E-2D1212822741}"
EndProject
Project("{FAE04EC0-301F-11D3-BF4B-00C04F79EFBC}") = "AMH", "AMH\AMH.csproj", "{4B3BFCB5-8718-43F2-81FE-DDD4AA821EFA}"
EndProject
Project("{FAE04EC0-301F-11D3-BF4B-00C04F79EFBC}") = "ZTestVer", "ZTestVer\ZTestVer.csproj", "{1B6978E5-03B3-4657-9CDB-76518AB26333}"
EndProject
Project("{FAE04EC0-301F-11D3-BF4B-00C04F79EFBC}") = "TPay", "TPay\TPay.csproj", "{D6D1F35F-00E2-4E86-B56C-B378B334BCBE}"
EndProject
Global
	GlobalSection(SolutionConfigurationPlatforms) = preSolution
		Debug|Any CPU = Debug|Any CPU
		Release|Any CPU = Release|Any CPU
	EndGlobalSection
	GlobalSection(ProjectConfigurationPlatforms) = postSolution
		{642C9609-A7D1-4965-A113-46B13BF7B9B3}.Debug|Any CPU.ActiveCfg = Debug|Any CPU
		{642C9609-A7D1-4965-A113-46B13BF7B9B3}.Debug|Any CPU.Build.0 = Debug|Any CPU
		{642C9609-A7D1-4965-A113-46B13BF7B9B3}.Release|Any CPU.ActiveCfg = Release|Any CPU
		{642C9609-A7D1-4965-A113-46B13BF7B9B3}.Release|Any CPU.Build.0 = Release|Any CPU
		{5162D766-2771-4802-8F4E-9216E82742A1}.Debug|Any CPU.ActiveCfg = Debug|Any CPU
		{5162D766-2771-4802-8F4E-9216E82742A1}.Debug|Any CPU.Build.0 = Debug|Any CPU
		{5162D766-2771-4802-8F4E-9216E82742A1}.Release|Any CPU.ActiveCfg = Release|Any CPU
		{5162D766-2771-4802-8F4E-9216E82742A1}.Release|Any CPU.Build.0 = Release|Any CPU
		{A26FA0B3-7986-421E-9246-2D6070BA4C01}.Debug|Any CPU.ActiveCfg = Debug|Any CPU
		{A26FA0B3-7986-421E-9246-2D6070BA4C01}.Debug|Any CPU.Build.0 = Debug|Any CPU
		{A26FA0B3-7986-421E-9246-2D6070BA4C01}.Release|Any CPU.ActiveCfg = Release|Any CPU
		{A26FA0B3-7986-421E-9246-2D6070BA4C01}.Release|Any CPU.Build.0 = Release|Any CPU
		{A323784A-1390-40BD-ABC1-68157A715C30}.Debug|Any CPU.ActiveCfg = Debug|Any CPU
		{A323784A-1390-40BD-ABC1-68157A715C30}.Debug|Any CPU.Build.0 = Debug|Any CPU
		{A323784A-1390-40BD-ABC1-68157A715C30}.Release|Any CPU.ActiveCfg = Release|Any CPU
		{A323784A-1390-40BD-ABC1-68157A715C30}.Release|Any CPU.Build.0 = Release|Any CPU
		{EFF8E1C1-E927-497D-A9F3-1CD437B9E115}.Debug|Any CPU.ActiveCfg = Debug|Any CPU
		{EFF8E1C1-E927-497D-A9F3-1CD437B9E115}.Debug|Any CPU.Build.0 = Debug|Any CPU
		{EFF8E1C1-E927-497D-A9F3-1CD437B9E115}.Release|Any CPU.ActiveCfg = Release|Any CPU
		{EFF8E1C1-E927-497D-A9F3-1CD437B9E115}.Release|Any CPU.Build.0 = Release|Any CPU
		{2A12677B-A2BD-4C58-93D0-23D6AB6C4CA7}.Debug|Any CPU.ActiveCfg = Debug|Any CPU
		{2A12677B-A2BD-4C58-93D0-23D6AB6C4CA7}.Debug|Any CPU.Build.0 = Debug|Any CPU
		{2A12677B-A2BD-4C58-93D0-23D6AB6C4CA7}.Release|Any CPU.ActiveCfg = Release|Any CPU
		{2A12677B-A2BD-4C58-93D0-23D6AB6C4CA7}.Release|Any CPU.Build.0 = Release|Any CPU
		{3C088178-9DF0-4B2D-91CC-E71B85C1E298}.Debug|Any CPU.ActiveCfg = Debug|Any CPU
		{3C088178-9DF0-4B2D-91CC-E71B85C1E298}.Debug|Any CPU.Build.0 = Debug|Any CPU
		{3C088178-9DF0-4B2D-91CC-E71B85C1E298}.Release|Any CPU.ActiveCfg = Release|Any CPU
		{3C088178-9DF0-4B2D-91CC-E71B85C1E298}.Release|Any CPU.Build.0 = Release|Any CPU
		{95CE9E4E-E55B-445D-95BA-DBC365930A79}.Debug|Any CPU.ActiveCfg = Debug|Any CPU
		{95CE9E4E-E55B-445D-95BA-DBC365930A79}.Debug|Any CPU.Build.0 = Debug|Any CPU
		{95CE9E4E-E55B-445D-95BA-DBC365930A79}.Release|Any CPU.ActiveCfg = Release|Any CPU
		{95CE9E4E-E55B-445D-95BA-DBC365930A79}.Release|Any CPU.Build.0 = Release|Any CPU
		{638517F8-D7BD-44F6-B7C0-A02F967960D3}.Debug|Any CPU.ActiveCfg = Debug|Any CPU
		{638517F8-D7BD-44F6-B7C0-A02F967960D3}.Debug|Any CPU.Build.0 = Debug|Any CPU
		{638517F8-D7BD-44F6-B7C0-A02F967960D3}.Release|Any CPU.ActiveCfg = Release|Any CPU
		{638517F8-D7BD-44F6-B7C0-A02F967960D3}.Release|Any CPU.Build.0 = Release|Any CPU
		{E64565F8-6E7D-45B7-A06C-062DCF2181A7}.Debug|Any CPU.ActiveCfg = Debug|Any CPU
		{E64565F8-6E7D-45B7-A06C-062DCF2181A7}.Debug|Any CPU.Build.0 = Debug|Any CPU
		{E64565F8-6E7D-45B7-A06C-062DCF2181A7}.Release|Any CPU.ActiveCfg = Release|Any CPU
		{E64565F8-6E7D-45B7-A06C-062DCF2181A7}.Release|Any CPU.Build.0 = Release|Any CPU
		{F594B611-962D-4F38-85CD-89CB43BD8744}.Debug|Any CPU.ActiveCfg = Debug|Any CPU
		{F594B611-962D-4F38-85CD-89CB43BD8744}.Debug|Any CPU.Build.0 = Debug|Any CPU
		{F594B611-962D-4F38-85CD-89CB43BD8744}.Release|Any CPU.ActiveCfg = Release|Any CPU
		{F594B611-962D-4F38-85CD-89CB43BD8744}.Release|Any CPU.Build.0 = Release|Any CPU
		{FEEC26E6-F117-4127-B79E-2D1212822741}.Debug|Any CPU.ActiveCfg = Debug|Any CPU
		{FEEC26E6-F117-4127-B79E-2D1212822741}.Debug|Any CPU.Build.0 = Debug|Any CPU
		{FEEC26E6-F117-4127-B79E-2D1212822741}.Release|Any CPU.ActiveCfg = Release|Any CPU
		{FEEC26E6-F117-4127-B79E-2D1212822741}.Release|Any CPU.Build.0 = Release|Any CPU
		{4B3BFCB5-8718-43F2-81FE-DDD4AA821EFA}.Debug|Any CPU.ActiveCfg = Debug|Any CPU
		{4B3BFCB5-8718-43F2-81FE-DDD4AA821EFA}.Debug|Any CPU.Build.0 = Debug|Any CPU
		{4B3BFCB5-8718-43F2-81FE-DDD4AA821EFA}.Release|Any CPU.ActiveCfg = Release|Any CPU
		{4B3BFCB5-8718-43F2-81FE-DDD4AA821EFA}.Release|Any CPU.Build.0 = Release|Any CPU
		{1B6978E5-03B3-4657-9CDB-76518AB26333}.Debug|Any CPU.ActiveCfg = Debug|Any CPU
		{1B6978E5-03B3-4657-9CDB-76518AB26333}.Debug|Any CPU.Build.0 = Debug|Any CPU
		{1B6978E5-03B3-4657-9CDB-76518AB26333}.Release|Any CPU.ActiveCfg = Release|Any CPU
		{1B6978E5-03B3-4657-9CDB-76518AB26333}.Release|Any CPU.Build.0 = Release|Any CPU
		{D6D1F35F-00E2-4E86-B56C-B378B334BCBE}.Debug|Any CPU.ActiveCfg = Debug|Any CPU
		{D6D1F35F-00E2-4E86-B56C-B378B334BCBE}.Debug|Any CPU.Build.0 = Debug|Any CPU
		{D6D1F35F-00E2-4E86-B56C-B378B334BCBE}.Release|Any CPU.ActiveCfg = Release|Any CPU
		{D6D1F35F-00E2-4E86-B56C-B378B334BCBE}.Release|Any CPU.Build.0 = Release|Any CPU
	EndGlobalSection
	GlobalSection(SolutionProperties) = preSolution
		HideSolutionNode = FALSE
	EndGlobalSection
EndGlobal
