
Microsoft Visual Studio Solution File, Format Version 12.00
# Visual Studio Version 16
VisualStudioVersion = 16.0.29709.97
MinimumVisualStudioVersion = 10.0.40219.1
Project("{FAE04EC0-301F-11D3-BF4B-00C04F79EFBC}") = "VedioAdmin", "VedioAdmin\VedioAdmin.csproj", "{8D73BA06-409F-481D-A525-6EF3B9E94FC6}"
EndProject
Project("{FAE04EC0-301F-11D3-BF4B-00C04F79EFBC}") = "VedioWeb", "VedioWeb\VedioWeb.csproj", "{66BEA407-A7C4-44E0-8420-22D6BD44C4B5}"
EndProject
Project("{FAE04EC0-301F-11D3-BF4B-00C04F79EFBC}") = "Model", "Model\Model.csproj", "{26CE212F-C3CA-4331-8C5D-04F3CBAD1FBE}"
EndProject
Global
	GlobalSection(SolutionConfigurationPlatforms) = preSolution
		Debug|Any CPU = Debug|Any CPU
		Release|Any CPU = Release|Any CPU
	EndGlobalSection
	GlobalSection(ProjectConfigurationPlatforms) = postSolution
		{8D73BA06-409F-481D-A525-6EF3B9E94FC6}.Debug|Any CPU.ActiveCfg = Debug|Any CPU
		{8D73BA06-409F-481D-A525-6EF3B9E94FC6}.Debug|Any CPU.Build.0 = Debug|Any CPU
		{8D73BA06-409F-481D-A525-6EF3B9E94FC6}.Release|Any CPU.ActiveCfg = Release|Any CPU
		{8D73BA06-409F-481D-A525-6EF3B9E94FC6}.Release|Any CPU.Build.0 = Release|Any CPU
		{66BEA407-A7C4-44E0-8420-22D6BD44C4B5}.Debug|Any CPU.ActiveCfg = Debug|Any CPU
		{66BEA407-A7C4-44E0-8420-22D6BD44C4B5}.Debug|Any CPU.Build.0 = Debug|Any CPU
		{66BEA407-A7C4-44E0-8420-22D6BD44C4B5}.Release|Any CPU.ActiveCfg = Release|Any CPU
		{66BEA407-A7C4-44E0-8420-22D6BD44C4B5}.Release|Any CPU.Build.0 = Release|Any CPU
		{26CE212F-C3CA-4331-8C5D-04F3CBAD1FBE}.Debug|Any CPU.ActiveCfg = Debug|Any CPU
		{26CE212F-C3CA-4331-8C5D-04F3CBAD1FBE}.Debug|Any CPU.Build.0 = Debug|Any CPU
		{26CE212F-C3CA-4331-8C5D-04F3CBAD1FBE}.Release|Any CPU.ActiveCfg = Release|Any CPU
		{26CE212F-C3CA-4331-8C5D-04F3CBAD1FBE}.Release|Any CPU.Build.0 = Release|Any CPU
	EndGlobalSection
	GlobalSection(SolutionProperties) = preSolution
		HideSolutionNode = FALSE
	EndGlobalSection
	GlobalSection(ExtensibilityGlobals) = postSolution
		SolutionGuid = {CD274141-D134-4870-B493-D6479ACEED45}
	EndGlobalSection
EndGlobal
